
Microsoft Visual Studio Solution File, Format Version 12.00
Project("{FAE04EC0-301F-11D3-BF4B-00C04F79EFBC}") = "AT1", "AT1\AT1.csproj", "{F4BD13E2-70F5-4937-B048-2730D1CCB9B9}"
EndProject
Project("{FAE04EC0-301F-11D3-BF4B-00C04F79EFBC}") = "MusicLib", "MusicLib\MusicLib.csproj", "{3147BC5A-CE59-4329-83E3-BE32E73A953A}"
EndProject
Global
	GlobalSection(SolutionConfigurationPlatforms) = preSolution
		Debug|Any CPU = Debug|Any CPU
		Release|Any CPU = Release|Any CPU
	EndGlobalSection
	GlobalSection(ProjectConfigurationPlatforms) = postSolution
		{F4BD13E2-70F5-4937-B048-2730D1CCB9B9}.Debug|Any CPU.ActiveCfg = Debug|Any CPU
		{F4BD13E2-70F5-4937-B048-2730D1CCB9B9}.Debug|Any CPU.Build.0 = Debug|Any CPU
		{F4BD13E2-70F5-4937-B048-2730D1CCB9B9}.Release|Any CPU.ActiveCfg = Release|Any CPU
		{F4BD13E2-70F5-4937-B048-2730D1CCB9B9}.Release|Any CPU.Build.0 = Release|Any CPU
		{3147BC5A-CE59-4329-83E3-BE32E73A953A}.Debug|Any CPU.ActiveCfg = Debug|Any CPU
		{3147BC5A-CE59-4329-83E3-BE32E73A953A}.Debug|Any CPU.Build.0 = Debug|Any CPU
		{3147BC5A-CE59-4329-83E3-BE32E73A953A}.Release|Any CPU.ActiveCfg = Release|Any CPU
		{3147BC5A-CE59-4329-83E3-BE32E73A953A}.Release|Any CPU.Build.0 = Release|Any CPU
	EndGlobalSection
EndGlobal
